# THIS IS AN AUTOGENERATED FILE. DO NOT EDIT THIS FILE DIRECTLY.
# yarn lockfile v1


bindings@^1.3.1:
  version "1.3.1"
  resolved "https://registry.yarnpkg.com/bindings/-/bindings-1.3.1.tgz#21fc7c6d67c18516ec5aaa2815b145ff77b26ea5"
  integrity sha512-i47mqjF9UbjxJhxGf+pZ6kSxrnI3wBLlnGI2ArWJ4r0VrvDS7ZYXkprq/pLaBWYq4GM0r4zdHY+NNRqEMU7uew==

nan@^2.11.1:
  version "2.11.1"
  resolved "https://registry.yarnpkg.com/nan/-/nan-2.11.1.tgz#90e22bccb8ca57ea4cd37cc83d3819b52eea6766"
  integrity sha512-iji6k87OSXa0CcrLl9z+ZiYSuR2o+c0bGuNmXdrhTQTakxytAFsC56SArGYoiHlJlFoHSnvmhpceZJaXkVuOtA==

node-rdkafka@^2.5.1:
  version "2.5.1"
  resolved "https://registry.yarnpkg.com/node-rdkafka/-/node-rdkafka-2.5.1.tgz#69830c9ca814e5b553dba8bf0b4fd3db69c62e87"
  integrity sha512-tC7LeyshdZEds+nx0RicLn9Cam0ahpGIDNY+QAD82K/UpD2rAMIM4K/Z8NUnlnvCaLukA7229agSMogG23XcTA==
  dependencies:
    bindings "^1.3.1"
    nan "^2.11.1"

terafoundation_kafka_connector@^0.3.0:
  version "0.3.0"
  resolved "https://registry.yarnpkg.com/terafoundation_kafka_connector/-/terafoundation_kafka_connector-0.3.0.tgz#3aa894d25ab43fde3bbdf61ce8a38d54eb15d256"
  integrity sha512-46hIQrfF+tA4Pq7V8TS/85fwqN/CtP4i1/yBqrLFkRwhEh8ke7aVqBHCdJYbzbph8USzNfunvr0ozdpjo8J81Q==
  dependencies:
    node-rdkafka "^2.5.1"
